// !$*UTF8*$!
{
	archiveVersion = 1;
	classes = {
	};
	objectVersion = 55;
	objects = {

/* Begin PBXBuildFile section */
		57FC5EE1274128440017BED2 /* TabBarController.swift in Sources */ = {isa = PBXBuildFile; fileRef = 57FC5EE0274128440017BED2 /* TabBarController.swift */; };
		57FC5EE3274129360017BED2 /* BeerVarietiesTableViewController.swift in Sources */ = {isa = PBXBuildFile; fileRef = 57FC5EE2274129360017BED2 /* BeerVarietiesTableViewController.swift */; };
		57FC5EE52741295F0017BED2 /* DevelopersTableViewController.swift in Sources */ = {isa = PBXBuildFile; fileRef = 57FC5EE42741295F0017BED2 /* DevelopersTableViewController.swift */; };
		57FC5EE727412A060017BED2 /* BeerListTableViewController.swift in Sources */ = {isa = PBXBuildFile; fileRef = 57FC5EE627412A060017BED2 /* BeerListTableViewController.swift */; };
		57FC5EE927412A2C0017BED2 /* BeerInfoViewController.swift in Sources */ = {isa = PBXBuildFile; fileRef = 57FC5EE827412A2C0017BED2 /* BeerInfoViewController.swift */; };
		57FC5EEB27412A670017BED2 /* DeveloperInfoViewController.swift in Sources */ = {isa = PBXBuildFile; fileRef = 57FC5EEA27412A670017BED2 /* DeveloperInfoViewController.swift */; };
		B574851A273FFAFF00CF1826 /* AppDelegate.swift in Sources */ = {isa = PBXBuildFile; fileRef = B5748519273FFAFF00CF1826 /* AppDelegate.swift */; };
		B574851C273FFAFF00CF1826 /* SceneDelegate.swift in Sources */ = {isa = PBXBuildFile; fileRef = B574851B273FFAFF00CF1826 /* SceneDelegate.swift */; };
		B5748521273FFAFF00CF1826 /* Main.storyboard in Resources */ = {isa = PBXBuildFile; fileRef = B574851F273FFAFF00CF1826 /* Main.storyboard */; };
		B5748523273FFB0200CF1826 /* Assets.xcassets in Resources */ = {isa = PBXBuildFile; fileRef = B5748522273FFB0200CF1826 /* Assets.xcassets */; };
		B5748526273FFB0200CF1826 /* LaunchScreen.storyboard in Resources */ = {isa = PBXBuildFile; fileRef = B5748524273FFB0200CF1826 /* LaunchScreen.storyboard */; };
/* End PBXBuildFile section */

/* Begin PBXFileReference section */
		57FC5EE0274128440017BED2 /* TabBarController.swift */ = {isa = PBXFileReference; lastKnownFileType = sourcecode.swift; path = TabBarController.swift; sourceTree = "<group>"; };
		57FC5EE2274129360017BED2 /* BeerVarietiesTableViewController.swift */ = {isa = PBXFileReference; lastKnownFileType = sourcecode.swift; path = BeerVarietiesTableViewController.swift; sourceTree = "<group>"; };
		57FC5EE42741295F0017BED2 /* DevelopersTableViewController.swift */ = {isa = PBXFileReference; lastKnownFileType = sourcecode.swift; path = DevelopersTableViewController.swift; sourceTree = "<group>"; };
		57FC5EE627412A060017BED2 /* BeerListTableViewController.swift */ = {isa = PBXFileReference; lastKnownFileType = sourcecode.swift; path = BeerListTableViewController.swift; sourceTree = "<group>"; };
		57FC5EE827412A2C0017BED2 /* BeerInfoViewController.swift */ = {isa = PBXFileReference; lastKnownFileType = sourcecode.swift; path = BeerInfoViewController.swift; sourceTree = "<group>"; };
		57FC5EEA27412A670017BED2 /* DeveloperInfoViewController.swift */ = {isa = PBXFileReference; lastKnownFileType = sourcecode.swift; path = DeveloperInfoViewController.swift; sourceTree = "<group>"; };
		B5748516273FFAFF00CF1826 /* Team Work.app */ = {isa = PBXFileReference; explicitFileType = wrapper.application; includeInIndex = 0; path = "Team Work.app"; sourceTree = BUILT_PRODUCTS_DIR; };
		B5748519273FFAFF00CF1826 /* AppDelegate.swift */ = {isa = PBXFileReference; lastKnownFileType = sourcecode.swift; path = AppDelegate.swift; sourceTree = "<group>"; };
		B574851B273FFAFF00CF1826 /* SceneDelegate.swift */ = {isa = PBXFileReference; lastKnownFileType = sourcecode.swift; path = SceneDelegate.swift; sourceTree = "<group>"; };
		B5748520273FFAFF00CF1826 /* Base */ = {isa = PBXFileReference; lastKnownFileType = file.storyboard; name = Base; path = Base.lproj/Main.storyboard; sourceTree = "<group>"; };
		B5748522273FFB0200CF1826 /* Assets.xcassets */ = {isa = PBXFileReference; lastKnownFileType = folder.assetcatalog; path = Assets.xcassets; sourceTree = "<group>"; };
		B5748525273FFB0200CF1826 /* Base */ = {isa = PBXFileReference; lastKnownFileType = file.storyboard; name = Base; path = Base.lproj/LaunchScreen.storyboard; sourceTree = "<group>"; };
		B5748527273FFB0200CF1826 /* Info.plist */ = {isa = PBXFileReference; lastKnownFileType = text.plist.xml; path = Info.plist; sourceTree = "<group>"; };
/* End PBXFileReference section */

/* Begin PBXFrameworksBuildPhase section */
		B5748513273FFAFF00CF1826 /* Frameworks */ = {
			isa = PBXFrameworksBuildPhase;
			buildActionMask = 2147483647;
			files = (
			);
			runOnlyForDeploymentPostprocessing = 0;
		};
/* End PBXFrameworksBuildPhase section */

/* Begin PBXGroup section */
		57FC5EDA274123C10017BED2 /* ViewControllers */ = {
			isa = PBXGroup;
			children = (
				57FC5EE0274128440017BED2 /* TabBarController.swift */,
				57FC5EE2274129360017BED2 /* BeerVarietiesTableViewController.swift */,
				57FC5EE42741295F0017BED2 /* DevelopersTableViewController.swift */,
				57FC5EE627412A060017BED2 /* BeerListTableViewController.swift */,
				57FC5EE827412A2C0017BED2 /* BeerInfoViewController.swift */,
				57FC5EEA27412A670017BED2 /* DeveloperInfoViewController.swift */,
			);
			path = ViewControllers;
			sourceTree = "<group>";
		};
		57FC5EDB274123D30017BED2 /* Models */ = {
			isa = PBXGroup;
			children = (
			);
			path = Models;
			sourceTree = "<group>";
		};
		57FC5EDC274123DF0017BED2 /* Services */ = {
			isa = PBXGroup;
			children = (
			);
			path = Services;
			sourceTree = "<group>";
		};
		57FC5EDD274123EF0017BED2 /* StoryBoards */ = {
			isa = PBXGroup;
			children = (
				B574851F273FFAFF00CF1826 /* Main.storyboard */,
				B5748524273FFB0200CF1826 /* LaunchScreen.storyboard */,
			);
			path = StoryBoards;
			sourceTree = "<group>";
		};
		57FC5EDE274124000017BED2 /* App */ = {
			isa = PBXGroup;
			children = (
				B5748527273FFB0200CF1826 /* Info.plist */,
				B5748519273FFAFF00CF1826 /* AppDelegate.swift */,
				B574851B273FFAFF00CF1826 /* SceneDelegate.swift */,
			);
			path = App;
			sourceTree = "<group>";
		};
		57FC5EDF274124090017BED2 /* Resources */ = {
			isa = PBXGroup;
			children = (
				B5748522273FFB0200CF1826 /* Assets.xcassets */,
			);
			path = Resources;
			sourceTree = "<group>";
		};
		B574850D273FFAFF00CF1826 = {
			isa = PBXGroup;
			children = (
				B5748518273FFAFF00CF1826 /* Team Work */,
				B5748517273FFAFF00CF1826 /* Products */,
			);
			sourceTree = "<group>";
		};
		B5748517273FFAFF00CF1826 /* Products */ = {
			isa = PBXGroup;
			children = (
				B5748516273FFAFF00CF1826 /* Team Work.app */,
			);
			name = Products;
			sourceTree = "<group>";
		};
		B5748518273FFAFF00CF1826 /* Team Work */ = {
			isa = PBXGroup;
			children = (
				57FC5EDA274123C10017BED2 /* ViewControllers */,
				57FC5EDB274123D30017BED2 /* Models */,
				57FC5EDC274123DF0017BED2 /* Services */,
				57FC5EDD274123EF0017BED2 /* StoryBoards */,
				57FC5EDE274124000017BED2 /* App */,
				57FC5EDF274124090017BED2 /* Resources */,
			);
			path = "Team Work";
			sourceTree = "<group>";
		};
/* End PBXGroup section */

/* Begin PBXNativeTarget section */
		B5748515273FFAFF00CF1826 /* Team Work */ = {
			isa = PBXNativeTarget;
			buildConfigurationList = B574852A273FFB0200CF1826 /* Build configuration list for PBXNativeTarget "Team Work" */;
			buildPhases = (
				B5748512273FFAFF00CF1826 /* Sources */,
				B5748513273FFAFF00CF1826 /* Frameworks */,
				B5748514273FFAFF00CF1826 /* Resources */,
			);
			buildRules = (
			);
			dependencies = (
			);
			name = "Team Work";
			productName = "Team Work";
			productReference = B5748516273FFAFF00CF1826 /* Team Work.app */;
			productType = "com.apple.product-type.application";
		};
/* End PBXNativeTarget section */

/* Begin PBXProject section */
		B574850E273FFAFF00CF1826 /* Project object */ = {
			isa = PBXProject;
			attributes = {
				BuildIndependentTargetsInParallel = 1;
				LastSwiftUpdateCheck = 1310;
				LastUpgradeCheck = 1310;
				TargetAttributes = {
					B5748515273FFAFF00CF1826 = {
						CreatedOnToolsVersion = 13.1;
					};
				};
			};
			buildConfigurationList = B5748511273FFAFF00CF1826 /* Build configuration list for PBXProject "Team Work" */;
			compatibilityVersion = "Xcode 13.0";
			developmentRegion = en;
			hasScannedForEncodings = 0;
			knownRegions = (
				en,
				Base,
			);
			mainGroup = B574850D273FFAFF00CF1826;
			productRefGroup = B5748517273FFAFF00CF1826 /* Products */;
			projectDirPath = "";
			projectRoot = "";
			targets = (
				B5748515273FFAFF00CF1826 /* Team Work */,
			);
		};
/* End PBXProject section */

/* Begin PBXResourcesBuildPhase section */
		B5748514273FFAFF00CF1826 /* Resources */ = {
			isa = PBXResourcesBuildPhase;
			buildActionMask = 2147483647;
			files = (
				B5748526273FFB0200CF1826 /* LaunchScreen.storyboard in Resources */,
				B5748523273FFB0200CF1826 /* Assets.xcassets in Resources */,
				B5748521273FFAFF00CF1826 /* Main.storyboard in Resources */,
			);
			runOnlyForDeploymentPostprocessing = 0;
		};
/* End PBXResourcesBuildPhase section */

/* Begin PBXSourcesBuildPhase section */
		B5748512273FFAFF00CF1826 /* Sources */ = {
			isa = PBXSourcesBuildPhase;
			buildActionMask = 2147483647;
			files = (
				57FC5EE52741295F0017BED2 /* DevelopersTableViewController.swift in Sources */,
				57FC5EE1274128440017BED2 /* TabBarController.swift in Sources */,
				B574851A273FFAFF00CF1826 /* AppDelegate.swift in Sources */,
				57FC5EE3274129360017BED2 /* BeerVarietiesTableViewController.swift in Sources */,
				B574851C273FFAFF00CF1826 /* SceneDelegate.swift in Sources */,
				57FC5EE927412A2C0017BED2 /* BeerInfoViewController.swift in Sources */,
				57FC5EE727412A060017BED2 /* BeerListTableViewController.swift in Sources */,
				57FC5EEB27412A670017BED2 /* DeveloperInfoViewController.swift in Sources */,
			);
			runOnlyForDeploymentPostprocessing = 0;
		};
/* End PBXSourcesBuildPhase section */

/* Begin PBXVariantGroup section */
		B574851F273FFAFF00CF1826 /* Main.storyboard */ = {
			isa = PBXVariantGroup;
			children = (
				B5748520273FFAFF00CF1826 /* Base */,
			);
			name = Main.storyboard;
			sourceTree = "<group>";
		};
		B5748524273FFB0200CF1826 /* LaunchScreen.storyboard */ = {
			isa = PBXVariantGroup;
			children = (
				B5748525273FFB0200CF1826 /* Base */,
			);
			name = LaunchScreen.storyboard;
			sourceTree = "<group>";
		};
/* End PBXVariantGroup section */

/* Begin XCBuildConfiguration section */
		B5748528273FFB0200CF1826 /* Debug */ = {
			isa = XCBuildConfiguration;
			buildSettings = {
				ALWAYS_SEARCH_USER_PATHS = NO;
				CLANG_ANALYZER_NONNULL = YES;
				CLANG_ANALYZER_NUMBER_OBJECT_CONVERSION = YES_AGGRESSIVE;
				CLANG_CXX_LANGUAGE_STANDARD = "gnu++17";
				CLANG_CXX_LIBRARY = "libc++";
				CLANG_ENABLE_MODULES = YES;
				CLANG_ENABLE_OBJC_ARC = YES;
				CLANG_ENABLE_OBJC_WEAK = YES;
				CLANG_WARN_BLOCK_CAPTURE_AUTORELEASING = YES;
				CLANG_WARN_BOOL_CONVERSION = YES;
				CLANG_WARN_COMMA = YES;
				CLANG_WARN_CONSTANT_CONVERSION = YES;
				CLANG_WARN_DEPRECATED_OBJC_IMPLEMENTATIONS = YES;
				CLANG_WARN_DIRECT_OBJC_ISA_USAGE = YES_ERROR;
				CLANG_WARN_DOCUMENTATION_COMMENTS = YES;
				CLANG_WARN_EMPTY_BODY = YES;
				CLANG_WARN_ENUM_CONVERSION = YES;
				CLANG_WARN_INFINITE_RECURSION = YES;
				CLANG_WARN_INT_CONVERSION = YES;
				CLANG_WARN_NON_LITERAL_NULL_CONVERSION = YES;
				CLANG_WARN_OBJC_IMPLICIT_RETAIN_SELF = YES;
				CLANG_WARN_OBJC_LITERAL_CONVERSION = YES;
				CLANG_WARN_OBJC_ROOT_CLASS = YES_ERROR;
				CLANG_WARN_QUOTED_INCLUDE_IN_FRAMEWORK_HEADER = YES;
				CLANG_WARN_RANGE_LOOP_ANALYSIS = YES;
				CLANG_WARN_STRICT_PROTOTYPES = YES;
				CLANG_WARN_SUSPICIOUS_MOVE = YES;
				CLANG_WARN_UNGUARDED_AVAILABILITY = YES_AGGRESSIVE;
				CLANG_WARN_UNREACHABLE_CODE = YES;
				CLANG_WARN__DUPLICATE_METHOD_MATCH = YES;
				COPY_PHASE_STRIP = NO;
				DEBUG_INFORMATION_FORMAT = dwarf;
				ENABLE_STRICT_OBJC_MSGSEND = YES;
				ENABLE_TESTABILITY = YES;
				GCC_C_LANGUAGE_STANDARD = gnu11;
				GCC_DYNAMIC_NO_PIC = NO;
				GCC_NO_COMMON_BLOCKS = YES;
				GCC_OPTIMIZATION_LEVEL = 0;
				GCC_PREPROCESSOR_DEFINITIONS = (
					"DEBUG=1",
					"$(inherited)",
				);
				GCC_WARN_64_TO_32_BIT_CONVERSION = YES;
				GCC_WARN_ABOUT_RETURN_TYPE = YES_ERROR;
				GCC_WARN_UNDECLARED_SELECTOR = YES;
				GCC_WARN_UNINITIALIZED_AUTOS = YES_AGGRESSIVE;
				GCC_WARN_UNUSED_FUNCTION = YES;
				GCC_WARN_UNUSED_VARIABLE = YES;
				IPHONEOS_DEPLOYMENT_TARGET = 15.0;
				MTL_ENABLE_DEBUG_INFO = INCLUDE_SOURCE;
				MTL_FAST_MATH = YES;
				ONLY_ACTIVE_ARCH = YES;
				SDKROOT = iphoneos;
				SWIFT_ACTIVE_COMPILATION_CONDITIONS = DEBUG;
				SWIFT_OPTIMIZATION_LEVEL = "-Onone";
			};
			name = Debug;
		};
		B5748529273FFB0200CF1826 /* Release */ = {
			isa = XCBuildConfiguration;
			buildSettings = {
				ALWAYS_SEARCH_USER_PATHS = NO;
				CLANG_ANALYZER_NONNULL = YES;
				CLANG_ANALYZER_NUMBER_OBJECT_CONVERSION = YES_AGGRESSIVE;
				CLANG_CXX_LANGUAGE_STANDARD = "gnu++17";
				CLANG_CXX_LIBRARY = "libc++";
				CLANG_ENABLE_MODULES = YES;
				CLANG_ENABLE_OBJC_ARC = YES;
				CLANG_ENABLE_OBJC_WEAK = YES;
				CLANG_WARN_BLOCK_CAPTURE_AUTORELEASING = YES;
				CLANG_WARN_BOOL_CONVERSION = YES;
				CLANG_WARN_COMMA = YES;
				CLANG_WARN_CONSTANT_CONVERSION = YES;
				CLANG_WARN_DEPRECATED_OBJC_IMPLEMENTATIONS = YES;
				CLANG_WARN_DIRECT_OBJC_ISA_USAGE = YES_ERROR;
				CLANG_WARN_DOCUMENTATION_COMMENTS = YES;
				CLANG_WARN_EMPTY_BODY = YES;
				CLANG_WARN_ENUM_CONVERSION = YES;
				CLANG_WARN_INFINITE_RECURSION = YES;
				CLANG_WARN_INT_CONVERSION = YES;
				CLANG_WARN_NON_LITERAL_NULL_CONVERSION = YES;
				CLANG_WARN_OBJC_IMPLICIT_RETAIN_SELF = YES;
				CLANG_WARN_OBJC_LITERAL_CONVERSION = YES;
				CLANG_WARN_OBJC_ROOT_CLASS = YES_ERROR;
				CLANG_WARN_QUOTED_INCLUDE_IN_FRAMEWORK_HEADER = YES;
				CLANG_WARN_RANGE_LOOP_ANALYSIS = YES;
				CLANG_WARN_STRICT_PROTOTYPES = YES;
				CLANG_WARN_SUSPICIOUS_MOVE = YES;
				CLANG_WARN_UNGUARDED_AVAILABILITY = YES_AGGRESSIVE;
				CLANG_WARN_UNREACHABLE_CODE = YES;
				CLANG_WARN__DUPLICATE_METHOD_MATCH = YES;
				COPY_PHASE_STRIP = NO;
				DEBUG_INFORMATION_FORMAT = "dwarf-with-dsym";
				ENABLE_NS_ASSERTIONS = NO;
				ENABLE_STRICT_OBJC_MSGSEND = YES;
				GCC_C_LANGUAGE_STANDARD = gnu11;
				GCC_NO_COMMON_BLOCKS = YES;
				GCC_WARN_64_TO_32_BIT_CONVERSION = YES;
				GCC_WARN_ABOUT_RETURN_TYPE = YES_ERROR;
				GCC_WARN_UNDECLARED_SELECTOR = YES;
				GCC_WARN_UNINITIALIZED_AUTOS = YES_AGGRESSIVE;
				GCC_WARN_UNUSED_FUNCTION = YES;
				GCC_WARN_UNUSED_VARIABLE = YES;
				IPHONEOS_DEPLOYMENT_TARGET = 15.0;
				MTL_ENABLE_DEBUG_INFO = NO;
				MTL_FAST_MATH = YES;
				SDKROOT = iphoneos;
				SWIFT_COMPILATION_MODE = wholemodule;
				SWIFT_OPTIMIZATION_LEVEL = "-O";
				VALIDATE_PRODUCT = YES;
			};
			name = Release;
		};
		B574852B273FFB0200CF1826 /* Debug */ = {
			isa = XCBuildConfiguration;
			buildSettings = {
				ASSETCATALOG_COMPILER_APPICON_NAME = AppIcon;
				ASSETCATALOG_COMPILER_GLOBAL_ACCENT_COLOR_NAME = AccentColor;
				CODE_SIGN_STYLE = Automatic;
				CURRENT_PROJECT_VERSION = 1;
				DEVELOPMENT_TEAM = WPASFV42KH;
				GENERATE_INFOPLIST_FILE = YES;
				INFOPLIST_FILE = "Team Work/App/Info.plist";
				INFOPLIST_KEY_CFBundleDisplayName = Mihail;
				INFOPLIST_KEY_UIApplicationSupportsIndirectInputEvents = YES;
				INFOPLIST_KEY_UILaunchStoryboardName = LaunchScreen;
				INFOPLIST_KEY_UIMainStoryboardFile = Main;
				INFOPLIST_KEY_UISupportedInterfaceOrientations_iPad = "UIInterfaceOrientationPortrait UIInterfaceOrientationPortraitUpsideDown UIInterfaceOrientationLandscapeLeft UIInterfaceOrientationLandscapeRight";
				INFOPLIST_KEY_UISupportedInterfaceOrientations_iPhone = "UIInterfaceOrientationPortrait UIInterfaceOrientationLandscapeLeft UIInterfaceOrientationLandscapeRight";
				LD_RUNPATH_SEARCH_PATHS = (
					"$(inherited)",
					"@executable_path/Frameworks",
				);
				MARKETING_VERSION = 1.0;
				PRODUCT_BUNDLE_IDENTIFIER = IOSKidTeamWork;
				PRODUCT_NAME = "$(TARGET_NAME)";
				SWIFT_EMIT_LOC_STRINGS = YES;
				SWIFT_VERSION = 5.0;
				TARGETED_DEVICE_FAMILY = 1;
			};
			name = Debug;
		};
		B574852C273FFB0200CF1826 /* Release */ = {
			isa = XCBuildConfiguration;
			buildSettings = {
				ASSETCATALOG_COMPILER_APPICON_NAME = AppIcon;
				ASSETCATALOG_COMPILER_GLOBAL_ACCENT_COLOR_NAME = AccentColor;
				CODE_SIGN_STYLE = Automatic;
				CURRENT_PROJECT_VERSION = 1;
				DEVELOPMENT_TEAM = WPASFV42KH;
				GENERATE_INFOPLIST_FILE = YES;
				INFOPLIST_FILE = "Team Work/App/Info.plist";
				INFOPLIST_KEY_CFBundleDisplayName = Mihail;
				INFOPLIST_KEY_UIApplicationSupportsIndirectInputEvents = YES;
				INFOPLIST_KEY_UILaunchStoryboardName = LaunchScreen;
				INFOPLIST_KEY_UIMainStoryboardFile = Main;
				INFOPLIST_KEY_UISupportedInterfaceOrientations_iPad = "UIInterfaceOrientationPortrait UIInterfaceOrientationPortraitUpsideDown UIInterfaceOrientationLandscapeLeft UIInterfaceOrientationLandscapeRight";
				INFOPLIST_KEY_UISupportedInterfaceOrientations_iPhone = "UIInterfaceOrientationPortrait UIInterfaceOrientationLandscapeLeft UIInterfaceOrientationLandscapeRight";
				LD_RUNPATH_SEARCH_PATHS = (
					"$(inherited)",
					"@executable_path/Frameworks",
				);
				MARKETING_VERSION = 1.0;
				PRODUCT_BUNDLE_IDENTIFIER = IOSKidTeamWork;
				PRODUCT_NAME = "$(TARGET_NAME)";
				SWIFT_EMIT_LOC_STRINGS = YES;
				SWIFT_VERSION = 5.0;
				TARGETED_DEVICE_FAMILY = 1;
			};
			name = Release;
		};
/* End XCBuildConfiguration section */

/* Begin XCConfigurationList section */
		B5748511273FFAFF00CF1826 /* Build configuration list for PBXProject "Team Work" */ = {
			isa = XCConfigurationList;
			buildConfigurations = (
				B5748528273FFB0200CF1826 /* Debug */,
				B5748529273FFB0200CF1826 /* Release */,
			);
			defaultConfigurationIsVisible = 0;
			defaultConfigurationName = Release;
		};
		B574852A273FFB0200CF1826 /* Build configuration list for PBXNativeTarget "Team Work" */ = {
			isa = XCConfigurationList;
			buildConfigurations = (
				B574852B273FFB0200CF1826 /* Debug */,
				B574852C273FFB0200CF1826 /* Release */,
			);
			defaultConfigurationIsVisible = 0;
			defaultConfigurationName = Release;
		};
/* End XCConfigurationList section */
	};
	rootObject = B574850E273FFAFF00CF1826 /* Project object */;
}
